// !$*UTF8*$!
{
	archiveVersion = 1;
	classes = {
	};
	objectVersion = 46;
	objects = {

/* Begin PBXBuildFile section */
		975A57EB1BCFCAC1008F6AB9 /* SRWebSocket.m in Sources */ = {isa = PBXBuildFile; fileRef = 975A57EA1BCFCAC1008F6AB9 /* SRWebSocket.m */; };
		D863B1131C932B0000DE1C4C /* VideoToolbox.framework in Frameworks */ = {isa = PBXBuildFile; fileRef = D863B1121C932B0000DE1C4C /* VideoToolbox.framework */; };
		D875EE851B9C03AE008B1DF3 /* ARDAppClient.m in Sources */ = {isa = PBXBuildFile; fileRef = D875EE551B9C03AE008B1DF3 /* ARDAppClient.m */; };
		D875EE861B9C03AE008B1DF3 /* ARDMessageResponse.m in Sources */ = {isa = PBXBuildFile; fileRef = D875EE571B9C03AE008B1DF3 /* ARDMessageResponse.m */; };
		D875EE871B9C03AE008B1DF3 /* ARDRegisterResponse.m in Sources */ = {isa = PBXBuildFile; fileRef = D875EE591B9C03AE008B1DF3 /* ARDRegisterResponse.m */; };
		D875EE881B9C03AE008B1DF3 /* ARDSignalingMessage.m in Sources */ = {isa = PBXBuildFile; fileRef = D875EE5B1B9C03AE008B1DF3 /* ARDSignalingMessage.m */; };
		D875EE891B9C03AE008B1DF3 /* ARDUtilities.m in Sources */ = {isa = PBXBuildFile; fileRef = D875EE5D1B9C03AE008B1DF3 /* ARDUtilities.m */; };
		D875EE8A1B9C03AE008B1DF3 /* ARDWebSocketChannel.m in Sources */ = {isa = PBXBuildFile; fileRef = D875EE5F1B9C03AE008B1DF3 /* ARDWebSocketChannel.m */; };
		D875EE8C1B9C03AE008B1DF3 /* RTCICECandidate+JSON.m in Sources */ = {isa = PBXBuildFile; fileRef = D875EE7E1B9C03AE008B1DF3 /* RTCICECandidate+JSON.m */; };
		D875EE8D1B9C03AE008B1DF3 /* RTCICEServer+JSON.m in Sources */ = {isa = PBXBuildFile; fileRef = D875EE801B9C03AE008B1DF3 /* RTCICEServer+JSON.m */; };
		D875EE8E1B9C03AE008B1DF3 /* RTCMediaConstraints+JSON.m in Sources */ = {isa = PBXBuildFile; fileRef = D875EE821B9C03AE008B1DF3 /* RTCMediaConstraints+JSON.m */; };
		D875EE8F1B9C03AE008B1DF3 /* RTCSessionDescription+JSON.m in Sources */ = {isa = PBXBuildFile; fileRef = D875EE841B9C03AE008B1DF3 /* RTCSessionDescription+JSON.m */; };
		D875EE911B9C0421008B1DF3 /* libsqlite3.0.dylib in Frameworks */ = {isa = PBXBuildFile; fileRef = D875EE901B9C0421008B1DF3 /* libsqlite3.0.dylib */; };
		D875EE931B9C045E008B1DF3 /* libicucore.dylib in Frameworks */ = {isa = PBXBuildFile; fileRef = D875EE921B9C045E008B1DF3 /* libicucore.dylib */; };
		D875EE951B9C046B008B1DF3 /* AVFoundation.framework in Frameworks */ = {isa = PBXBuildFile; fileRef = D875EE941B9C046B008B1DF3 /* AVFoundation.framework */; };
		D875EE9C1B9C0496008B1DF3 /* AudioToolbox.framework in Frameworks */ = {isa = PBXBuildFile; fileRef = D875EE961B9C0496008B1DF3 /* AudioToolbox.framework */; };
		D875EE9D1B9C0496008B1DF3 /* CoreGraphics.framework in Frameworks */ = {isa = PBXBuildFile; fileRef = D875EE971B9C0496008B1DF3 /* CoreGraphics.framework */; };
		D875EE9E1B9C0496008B1DF3 /* CoreImage.framework in Frameworks */ = {isa = PBXBuildFile; fileRef = D875EE981B9C0496008B1DF3 /* CoreImage.framework */; };
		D875EE9F1B9C0496008B1DF3 /* CoreMedia.framework in Frameworks */ = {isa = PBXBuildFile; fileRef = D875EE991B9C0496008B1DF3 /* CoreMedia.framework */; };
		D875EEA01B9C0496008B1DF3 /* CoreVideo.framework in Frameworks */ = {isa = PBXBuildFile; fileRef = D875EE9A1B9C0496008B1DF3 /* CoreVideo.framework */; };
		D875EEA11B9C0496008B1DF3 /* GLKit.framework in Frameworks */ = {isa = PBXBuildFile; fileRef = D875EE9B1B9C0496008B1DF3 /* GLKit.framework */; };
		D875EEA31B9C051C008B1DF3 /* libc++.dylib in Frameworks */ = {isa = PBXBuildFile; fileRef = D875EEA21B9C051C008B1DF3 /* libc++.dylib */; };
		D878BE531B9B6110001AE9CD /* AppDelegate.swift in Sources */ = {isa = PBXBuildFile; fileRef = D878BE521B9B6110001AE9CD /* AppDelegate.swift */; };
		D878BE551B9B6110001AE9CD /* RTCRoomViewController.swift in Sources */ = {isa = PBXBuildFile; fileRef = D878BE541B9B6110001AE9CD /* RTCRoomViewController.swift */; };
		D878BE581B9B6110001AE9CD /* Main.storyboard in Resources */ = {isa = PBXBuildFile; fileRef = D878BE561B9B6110001AE9CD /* Main.storyboard */; };
		D878BE5A1B9B6110001AE9CD /* Images.xcassets in Resources */ = {isa = PBXBuildFile; fileRef = D878BE591B9B6110001AE9CD /* Images.xcassets */; };
		D878BE5D1B9B6110001AE9CD /* LaunchScreen.xib in Resources */ = {isa = PBXBuildFile; fileRef = D878BE5B1B9B6110001AE9CD /* LaunchScreen.xib */; };
		D878BEB21B9B637F001AE9CD /* RTCRoomTextInputViewCell.swift in Sources */ = {isa = PBXBuildFile; fileRef = D878BEB11B9B637F001AE9CD /* RTCRoomTextInputViewCell.swift */; };
		D878BEB41B9B754D001AE9CD /* RTCVideoChatViewController.swift in Sources */ = {isa = PBXBuildFile; fileRef = D878BEB31B9B754D001AE9CD /* RTCVideoChatViewController.swift */; };
		D8B778861DE4BDD200DFC2E8 /* WebRTC.framework in Frameworks */ = {isa = PBXBuildFile; fileRef = D8B778851DE4BDD200DFC2E8 /* WebRTC.framework */; };
		D8B778991DE4C1C100DFC2E8 /* ARDAppEngineClient.m in Sources */ = {isa = PBXBuildFile; fileRef = D8B778891DE4C1C100DFC2E8 /* ARDAppEngineClient.m */; };
		D8B7789A1DE4C1C100DFC2E8 /* ARDBitrateTracker.m in Sources */ = {isa = PBXBuildFile; fileRef = D8B7788B1DE4C1C100DFC2E8 /* ARDBitrateTracker.m */; };
		D8B7789B1DE4C1C100DFC2E8 /* ARDCEODTURNClient.m in Sources */ = {isa = PBXBuildFile; fileRef = D8B7788D1DE4C1C100DFC2E8 /* ARDCEODTURNClient.m */; };
		D8B7789C1DE4C1C100DFC2E8 /* ARDJoinResponse.m in Sources */ = {isa = PBXBuildFile; fileRef = D8B7788F1DE4C1C100DFC2E8 /* ARDJoinResponse.m */; };
		D8B7789D1DE4C1C100DFC2E8 /* ARDSDPUtils.m in Sources */ = {isa = PBXBuildFile; fileRef = D8B778941DE4C1C100DFC2E8 /* ARDSDPUtils.m */; };
		D8B7789E1DE4C1C100DFC2E8 /* ARDStatsBuilder.m in Sources */ = {isa = PBXBuildFile; fileRef = D8B778971DE4C1C100DFC2E8 /* ARDStatsBuilder.m */; };
		D8B7789F1DE4C32600DFC2E8 /* WebRTC.framework in Frameworks */ = {isa = PBXBuildFile; fileRef = D8B778851DE4BDD200DFC2E8 /* WebRTC.framework */; };
		D8B778A01DE4C32600DFC2E8 /* WebRTC.framework in Embed Frameworks */ = {isa = PBXBuildFile; fileRef = D8B778851DE4BDD200DFC2E8 /* WebRTC.framework */; settings = {ATTRIBUTES = (CodeSignOnCopy, RemoveHeadersOnCopy, ); }; };
/* End PBXBuildFile section */

/* Begin PBXCopyFilesBuildPhase section */
		D8B778A11DE4C32600DFC2E8 /* Embed Frameworks */ = {
			isa = PBXCopyFilesBuildPhase;
			buildActionMask = 2147483647;
			dstPath = "";
			dstSubfolderSpec = 10;
			files = (
				D8B778A01DE4C32600DFC2E8 /* WebRTC.framework in Embed Frameworks */,
			);
			name = "Embed Frameworks";
			runOnlyForDeploymentPostprocessing = 0;
		};
/* End PBXCopyFilesBuildPhase section */

/* Begin PBXFileReference section */
		975A57EA1BCFCAC1008F6AB9 /* SRWebSocket.m */ = {isa = PBXFileReference; fileEncoding = 4; lastKnownFileType = sourcecode.c.objc; name = SRWebSocket.m; path = ../SRWebSocket.m; sourceTree = "<group>"; };
		976E3D501BCE64DF002486D5 /* BridgingHeader.h */ = {isa = PBXFileReference; fileEncoding = 4; lastKnownFileType = sourcecode.c.h; path = BridgingHeader.h; sourceTree = "<group>"; };
		D863B1121C932B0000DE1C4C /* VideoToolbox.framework */ = {isa = PBXFileReference; lastKnownFileType = wrapper.framework; name = VideoToolbox.framework; path = System/Library/Frameworks/VideoToolbox.framework; sourceTree = SDKROOT; };
		D875EE541B9C03AE008B1DF3 /* ARDAppClient.h */ = {isa = PBXFileReference; fileEncoding = 4; lastKnownFileType = sourcecode.c.h; path = ARDAppClient.h; sourceTree = "<group>"; };
		D875EE551B9C03AE008B1DF3 /* ARDAppClient.m */ = {isa = PBXFileReference; fileEncoding = 4; lastKnownFileType = sourcecode.c.objc; path = ARDAppClient.m; sourceTree = "<group>"; };
		D875EE561B9C03AE008B1DF3 /* ARDMessageResponse.h */ = {isa = PBXFileReference; fileEncoding = 4; lastKnownFileType = sourcecode.c.h; path = ARDMessageResponse.h; sourceTree = "<group>"; };
		D875EE571B9C03AE008B1DF3 /* ARDMessageResponse.m */ = {isa = PBXFileReference; fileEncoding = 4; lastKnownFileType = sourcecode.c.objc; path = ARDMessageResponse.m; sourceTree = "<group>"; };
		D875EE581B9C03AE008B1DF3 /* ARDRegisterResponse.h */ = {isa = PBXFileReference; fileEncoding = 4; lastKnownFileType = sourcecode.c.h; path = ARDRegisterResponse.h; sourceTree = "<group>"; };
		D875EE591B9C03AE008B1DF3 /* ARDRegisterResponse.m */ = {isa = PBXFileReference; fileEncoding = 4; lastKnownFileType = sourcecode.c.objc; path = ARDRegisterResponse.m; sourceTree = "<group>"; };
		D875EE5A1B9C03AE008B1DF3 /* ARDSignalingMessage.h */ = {isa = PBXFileReference; fileEncoding = 4; lastKnownFileType = sourcecode.c.h; path = ARDSignalingMessage.h; sourceTree = "<group>"; };
		D875EE5B1B9C03AE008B1DF3 /* ARDSignalingMessage.m */ = {isa = PBXFileReference; fileEncoding = 4; lastKnownFileType = sourcecode.c.objc; path = ARDSignalingMessage.m; sourceTree = "<group>"; };
		D875EE5C1B9C03AE008B1DF3 /* ARDUtilities.h */ = {isa = PBXFileReference; fileEncoding = 4; lastKnownFileType = sourcecode.c.h; path = ARDUtilities.h; sourceTree = "<group>"; };
		D875EE5D1B9C03AE008B1DF3 /* ARDUtilities.m */ = {isa = PBXFileReference; fileEncoding = 4; lastKnownFileType = sourcecode.c.objc; path = ARDUtilities.m; sourceTree = "<group>"; };
		D875EE5E1B9C03AE008B1DF3 /* ARDWebSocketChannel.h */ = {isa = PBXFileReference; fileEncoding = 4; lastKnownFileType = sourcecode.c.h; path = ARDWebSocketChannel.h; sourceTree = "<group>"; };
		D875EE5F1B9C03AE008B1DF3 /* ARDWebSocketChannel.m */ = {isa = PBXFileReference; fileEncoding = 4; lastKnownFileType = sourcecode.c.objc; path = ARDWebSocketChannel.m; sourceTree = "<group>"; };
		D875EE7B1B9C03AE008B1DF3 /* SRWebSocket.h */ = {isa = PBXFileReference; fileEncoding = 4; lastKnownFileType = sourcecode.c.h; path = SRWebSocket.h; sourceTree = "<group>"; };
		D875EE7D1B9C03AE008B1DF3 /* RTCICECandidate+JSON.h */ = {isa = PBXFileReference; fileEncoding = 4; lastKnownFileType = sourcecode.c.h; path = "RTCICECandidate+JSON.h"; sourceTree = "<group>"; };
		D875EE7E1B9C03AE008B1DF3 /* RTCICECandidate+JSON.m */ = {isa = PBXFileReference; fileEncoding = 4; lastKnownFileType = sourcecode.c.objc; path = "RTCICECandidate+JSON.m"; sourceTree = "<group>"; };
		D875EE7F1B9C03AE008B1DF3 /* RTCICEServer+JSON.h */ = {isa = PBXFileReference; fileEncoding = 4; lastKnownFileType = sourcecode.c.h; path = "RTCICEServer+JSON.h"; sourceTree = "<group>"; };
		D875EE801B9C03AE008B1DF3 /* RTCICEServer+JSON.m */ = {isa = PBXFileReference; fileEncoding = 4; lastKnownFileType = sourcecode.c.objc; path = "RTCICEServer+JSON.m"; sourceTree = "<group>"; };
		D875EE811B9C03AE008B1DF3 /* RTCMediaConstraints+JSON.h */ = {isa = PBXFileReference; fileEncoding = 4; lastKnownFileType = sourcecode.c.h; path = "RTCMediaConstraints+JSON.h"; sourceTree = "<group>"; };
		D875EE821B9C03AE008B1DF3 /* RTCMediaConstraints+JSON.m */ = {isa = PBXFileReference; fileEncoding = 4; lastKnownFileType = sourcecode.c.objc; path = "RTCMediaConstraints+JSON.m"; sourceTree = "<group>"; };
		D875EE831B9C03AE008B1DF3 /* RTCSessionDescription+JSON.h */ = {isa = PBXFileReference; fileEncoding = 4; lastKnownFileType = sourcecode.c.h; path = "RTCSessionDescription+JSON.h"; sourceTree = "<group>"; };
		D875EE841B9C03AE008B1DF3 /* RTCSessionDescription+JSON.m */ = {isa = PBXFileReference; fileEncoding = 4; lastKnownFileType = sourcecode.c.objc; path = "RTCSessionDescription+JSON.m"; sourceTree = "<group>"; };
		D875EE901B9C0421008B1DF3 /* libsqlite3.0.dylib */ = {isa = PBXFileReference; lastKnownFileType = "compiled.mach-o.dylib"; name = libsqlite3.0.dylib; path = usr/lib/libsqlite3.0.dylib; sourceTree = SDKROOT; };
		D875EE921B9C045E008B1DF3 /* libicucore.dylib */ = {isa = PBXFileReference; lastKnownFileType = "compiled.mach-o.dylib"; name = libicucore.dylib; path = usr/lib/libicucore.dylib; sourceTree = SDKROOT; };
		D875EE941B9C046B008B1DF3 /* AVFoundation.framework */ = {isa = PBXFileReference; lastKnownFileType = wrapper.framework; name = AVFoundation.framework; path = System/Library/Frameworks/AVFoundation.framework; sourceTree = SDKROOT; };
		D875EE961B9C0496008B1DF3 /* AudioToolbox.framework */ = {isa = PBXFileReference; lastKnownFileType = wrapper.framework; name = AudioToolbox.framework; path = System/Library/Frameworks/AudioToolbox.framework; sourceTree = SDKROOT; };
		D875EE971B9C0496008B1DF3 /* CoreGraphics.framework */ = {isa = PBXFileReference; lastKnownFileType = wrapper.framework; name = CoreGraphics.framework; path = System/Library/Frameworks/CoreGraphics.framework; sourceTree = SDKROOT; };
		D875EE981B9C0496008B1DF3 /* CoreImage.framework */ = {isa = PBXFileReference; lastKnownFileType = wrapper.framework; name = CoreImage.framework; path = System/Library/Frameworks/CoreImage.framework; sourceTree = SDKROOT; };
		D875EE991B9C0496008B1DF3 /* CoreMedia.framework */ = {isa = PBXFileReference; lastKnownFileType = wrapper.framework; name = CoreMedia.framework; path = System/Library/Frameworks/CoreMedia.framework; sourceTree = SDKROOT; };
		D875EE9A1B9C0496008B1DF3 /* CoreVideo.framework */ = {isa = PBXFileReference; lastKnownFileType = wrapper.framework; name = CoreVideo.framework; path = System/Library/Frameworks/CoreVideo.framework; sourceTree = SDKROOT; };
		D875EE9B1B9C0496008B1DF3 /* GLKit.framework */ = {isa = PBXFileReference; lastKnownFileType = wrapper.framework; name = GLKit.framework; path = System/Library/Frameworks/GLKit.framework; sourceTree = SDKROOT; };
		D875EEA21B9C051C008B1DF3 /* libc++.dylib */ = {isa = PBXFileReference; lastKnownFileType = "compiled.mach-o.dylib"; name = "libc++.dylib"; path = "usr/lib/libc++.dylib"; sourceTree = SDKROOT; };
		D878BE4D1B9B6110001AE9CD /* Apprtc.app */ = {isa = PBXFileReference; explicitFileType = wrapper.application; includeInIndex = 0; path = Apprtc.app; sourceTree = BUILT_PRODUCTS_DIR; };
		D878BE511B9B6110001AE9CD /* Info.plist */ = {isa = PBXFileReference; lastKnownFileType = text.plist.xml; path = Info.plist; sourceTree = "<group>"; };
		D878BE521B9B6110001AE9CD /* AppDelegate.swift */ = {isa = PBXFileReference; lastKnownFileType = sourcecode.swift; path = AppDelegate.swift; sourceTree = "<group>"; };
		D878BE541B9B6110001AE9CD /* RTCRoomViewController.swift */ = {isa = PBXFileReference; lastKnownFileType = sourcecode.swift; path = RTCRoomViewController.swift; sourceTree = "<group>"; };
		D878BE571B9B6110001AE9CD /* Base */ = {isa = PBXFileReference; lastKnownFileType = file.storyboard; name = Base; path = Base.lproj/Main.storyboard; sourceTree = "<group>"; };
		D878BE591B9B6110001AE9CD /* Images.xcassets */ = {isa = PBXFileReference; lastKnownFileType = folder.assetcatalog; path = Images.xcassets; sourceTree = "<group>"; };
		D878BE5C1B9B6110001AE9CD /* Base */ = {isa = PBXFileReference; lastKnownFileType = file.xib; name = Base; path = Base.lproj/LaunchScreen.xib; sourceTree = "<group>"; };
		D878BE671B9B6110001AE9CD /* Info.plist */ = {isa = PBXFileReference; lastKnownFileType = text.plist.xml; path = Info.plist; sourceTree = "<group>"; };
		D878BE681B9B6110001AE9CD /* ApprtcTests.swift */ = {isa = PBXFileReference; lastKnownFileType = sourcecode.swift; path = ApprtcTests.swift; sourceTree = "<group>"; };
		D878BEB11B9B637F001AE9CD /* RTCRoomTextInputViewCell.swift */ = {isa = PBXFileReference; fileEncoding = 4; lastKnownFileType = sourcecode.swift; name = RTCRoomTextInputViewCell.swift; path = Apprtc/Views/RTCRoomTextInputViewCell.swift; sourceTree = "<group>"; };
		D878BEB31B9B754D001AE9CD /* RTCVideoChatViewController.swift */ = {isa = PBXFileReference; fileEncoding = 4; lastKnownFileType = sourcecode.swift; path = RTCVideoChatViewController.swift; sourceTree = "<group>"; };
		D8B778851DE4BDD200DFC2E8 /* WebRTC.framework */ = {isa = PBXFileReference; lastKnownFileType = wrapper.framework; path = WebRTC.framework; sourceTree = "<group>"; };
		D8B778871DE4C1C100DFC2E8 /* ARDAppClient+Internal.h */ = {isa = PBXFileReference; fileEncoding = 4; lastKnownFileType = sourcecode.c.h; path = "ARDAppClient+Internal.h"; sourceTree = "<group>"; };
		D8B778881DE4C1C100DFC2E8 /* ARDAppEngineClient.h */ = {isa = PBXFileReference; fileEncoding = 4; lastKnownFileType = sourcecode.c.h; path = ARDAppEngineClient.h; sourceTree = "<group>"; };
		D8B778891DE4C1C100DFC2E8 /* ARDAppEngineClient.m */ = {isa = PBXFileReference; fileEncoding = 4; lastKnownFileType = sourcecode.c.objc; path = ARDAppEngineClient.m; sourceTree = "<group>"; };
		D8B7788A1DE4C1C100DFC2E8 /* ARDBitrateTracker.h */ = {isa = PBXFileReference; fileEncoding = 4; lastKnownFileType = sourcecode.c.h; path = ARDBitrateTracker.h; sourceTree = "<group>"; };
		D8B7788B1DE4C1C100DFC2E8 /* ARDBitrateTracker.m */ = {isa = PBXFileReference; fileEncoding = 4; lastKnownFileType = sourcecode.c.objc; path = ARDBitrateTracker.m; sourceTree = "<group>"; };
		D8B7788C1DE4C1C100DFC2E8 /* ARDCEODTURNClient.h */ = {isa = PBXFileReference; fileEncoding = 4; lastKnownFileType = sourcecode.c.h; path = ARDCEODTURNClient.h; sourceTree = "<group>"; };
		D8B7788D1DE4C1C100DFC2E8 /* ARDCEODTURNClient.m */ = {isa = PBXFileReference; fileEncoding = 4; lastKnownFileType = sourcecode.c.objc; path = ARDCEODTURNClient.m; sourceTree = "<group>"; };
		D8B7788E1DE4C1C100DFC2E8 /* ARDJoinResponse.h */ = {isa = PBXFileReference; fileEncoding = 4; lastKnownFileType = sourcecode.c.h; path = ARDJoinResponse.h; sourceTree = "<group>"; };
		D8B7788F1DE4C1C100DFC2E8 /* ARDJoinResponse.m */ = {isa = PBXFileReference; fileEncoding = 4; lastKnownFileType = sourcecode.c.objc; path = ARDJoinResponse.m; sourceTree = "<group>"; };
		D8B778901DE4C1C100DFC2E8 /* ARDJoinResponse+Internal.h */ = {isa = PBXFileReference; fileEncoding = 4; lastKnownFileType = sourcecode.c.h; path = "ARDJoinResponse+Internal.h"; sourceTree = "<group>"; };
		D8B778911DE4C1C100DFC2E8 /* ARDMessageResponse+Internal.h */ = {isa = PBXFileReference; fileEncoding = 4; lastKnownFileType = sourcecode.c.h; path = "ARDMessageResponse+Internal.h"; sourceTree = "<group>"; };
		D8B778921DE4C1C100DFC2E8 /* ARDRoomServerClient.h */ = {isa = PBXFileReference; fileEncoding = 4; lastKnownFileType = sourcecode.c.h; path = ARDRoomServerClient.h; sourceTree = "<group>"; };
		D8B778931DE4C1C100DFC2E8 /* ARDSDPUtils.h */ = {isa = PBXFileReference; fileEncoding = 4; lastKnownFileType = sourcecode.c.h; path = ARDSDPUtils.h; sourceTree = "<group>"; };
		D8B778941DE4C1C100DFC2E8 /* ARDSDPUtils.m */ = {isa = PBXFileReference; fileEncoding = 4; lastKnownFileType = sourcecode.c.objc; path = ARDSDPUtils.m; sourceTree = "<group>"; };
		D8B778951DE4C1C100DFC2E8 /* ARDSignalingChannel.h */ = {isa = PBXFileReference; fileEncoding = 4; lastKnownFileType = sourcecode.c.h; path = ARDSignalingChannel.h; sourceTree = "<group>"; };
		D8B778961DE4C1C100DFC2E8 /* ARDStatsBuilder.h */ = {isa = PBXFileReference; fileEncoding = 4; lastKnownFileType = sourcecode.c.h; path = ARDStatsBuilder.h; sourceTree = "<group>"; };
		D8B778971DE4C1C100DFC2E8 /* ARDStatsBuilder.m */ = {isa = PBXFileReference; fileEncoding = 4; lastKnownFileType = sourcecode.c.objc; path = ARDStatsBuilder.m; sourceTree = "<group>"; };
		D8B778981DE4C1C100DFC2E8 /* ARDTURNClient.h */ = {isa = PBXFileReference; fileEncoding = 4; lastKnownFileType = sourcecode.c.h; path = ARDTURNClient.h; sourceTree = "<group>"; };
/* End PBXFileReference section */

/* Begin PBXFrameworksBuildPhase section */
		D878BE4A1B9B6110001AE9CD /* Frameworks */ = {
			isa = PBXFrameworksBuildPhase;
			buildActionMask = 2147483647;
			files = (
				D863B1131C932B0000DE1C4C /* VideoToolbox.framework in Frameworks */,
				D875EEA31B9C051C008B1DF3 /* libc++.dylib in Frameworks */,
				D875EE9C1B9C0496008B1DF3 /* AudioToolbox.framework in Frameworks */,
				D875EE9D1B9C0496008B1DF3 /* CoreGraphics.framework in Frameworks */,
				D875EE9E1B9C0496008B1DF3 /* CoreImage.framework in Frameworks */,
				D875EE9F1B9C0496008B1DF3 /* CoreMedia.framework in Frameworks */,
				D875EEA01B9C0496008B1DF3 /* CoreVideo.framework in Frameworks */,
				D875EEA11B9C0496008B1DF3 /* GLKit.framework in Frameworks */,
				D875EE951B9C046B008B1DF3 /* AVFoundation.framework in Frameworks */,
				D875EE931B9C045E008B1DF3 /* libicucore.dylib in Frameworks */,
				D875EE911B9C0421008B1DF3 /* libsqlite3.0.dylib in Frameworks */,
				D8B7789F1DE4C32600DFC2E8 /* WebRTC.framework in Frameworks */,
				D8B778861DE4BDD200DFC2E8 /* WebRTC.framework in Frameworks */,
			);
			runOnlyForDeploymentPostprocessing = 0;
		};
/* End PBXFrameworksBuildPhase section */

/* Begin PBXGroup section */
		D875EE531B9C03AE008B1DF3 /* Lib */ = {
			isa = PBXGroup;
			children = (
				D8B778871DE4C1C100DFC2E8 /* ARDAppClient+Internal.h */,
				D8B778881DE4C1C100DFC2E8 /* ARDAppEngineClient.h */,
				D8B778891DE4C1C100DFC2E8 /* ARDAppEngineClient.m */,
				D8B7788A1DE4C1C100DFC2E8 /* ARDBitrateTracker.h */,
				D8B7788B1DE4C1C100DFC2E8 /* ARDBitrateTracker.m */,
				D8B7788C1DE4C1C100DFC2E8 /* ARDCEODTURNClient.h */,
				D8B7788D1DE4C1C100DFC2E8 /* ARDCEODTURNClient.m */,
				D8B7788E1DE4C1C100DFC2E8 /* ARDJoinResponse.h */,
				D8B7788F1DE4C1C100DFC2E8 /* ARDJoinResponse.m */,
				D8B778901DE4C1C100DFC2E8 /* ARDJoinResponse+Internal.h */,
				D8B778911DE4C1C100DFC2E8 /* ARDMessageResponse+Internal.h */,
				D8B778921DE4C1C100DFC2E8 /* ARDRoomServerClient.h */,
				D8B778931DE4C1C100DFC2E8 /* ARDSDPUtils.h */,
				D8B778941DE4C1C100DFC2E8 /* ARDSDPUtils.m */,
				D8B778951DE4C1C100DFC2E8 /* ARDSignalingChannel.h */,
				D8B778961DE4C1C100DFC2E8 /* ARDStatsBuilder.h */,
				D8B778971DE4C1C100DFC2E8 /* ARDStatsBuilder.m */,
				D8B778981DE4C1C100DFC2E8 /* ARDTURNClient.h */,
				D875EE541B9C03AE008B1DF3 /* ARDAppClient.h */,
				D875EE551B9C03AE008B1DF3 /* ARDAppClient.m */,
				D875EE561B9C03AE008B1DF3 /* ARDMessageResponse.h */,
				D875EE571B9C03AE008B1DF3 /* ARDMessageResponse.m */,
				D875EE581B9C03AE008B1DF3 /* ARDRegisterResponse.h */,
				D875EE591B9C03AE008B1DF3 /* ARDRegisterResponse.m */,
				D875EE5A1B9C03AE008B1DF3 /* ARDSignalingMessage.h */,
				D875EE5B1B9C03AE008B1DF3 /* ARDSignalingMessage.m */,
				D875EE5C1B9C03AE008B1DF3 /* ARDUtilities.h */,
				D875EE5D1B9C03AE008B1DF3 /* ARDUtilities.m */,
				D875EE5E1B9C03AE008B1DF3 /* ARDWebSocketChannel.h */,
				D875EE5F1B9C03AE008B1DF3 /* ARDWebSocketChannel.m */,
				D875EE601B9C03AE008B1DF3 /* include */,
				D875EE7D1B9C03AE008B1DF3 /* RTCICECandidate+JSON.h */,
				D875EE7E1B9C03AE008B1DF3 /* RTCICECandidate+JSON.m */,
				D875EE7F1B9C03AE008B1DF3 /* RTCICEServer+JSON.h */,
				D875EE801B9C03AE008B1DF3 /* RTCICEServer+JSON.m */,
				D875EE811B9C03AE008B1DF3 /* RTCMediaConstraints+JSON.h */,
				D875EE821B9C03AE008B1DF3 /* RTCMediaConstraints+JSON.m */,
				D875EE831B9C03AE008B1DF3 /* RTCSessionDescription+JSON.h */,
				D875EE841B9C03AE008B1DF3 /* RTCSessionDescription+JSON.m */,
			);
			path = Lib;
			sourceTree = "<group>";
		};
		D875EE601B9C03AE008B1DF3 /* include */ = {
			isa = PBXGroup;
			children = (
				D8B778841DE4BDD200DFC2E8 /* WebRTC */,
				D875EE7B1B9C03AE008B1DF3 /* SRWebSocket.h */,
				975A57EA1BCFCAC1008F6AB9 /* SRWebSocket.m */,
			);
			path = include;
			sourceTree = "<group>";
		};
		D878BE441B9B6110001AE9CD = {
			isa = PBXGroup;
			children = (
				D863B1121C932B0000DE1C4C /* VideoToolbox.framework */,
				976E3D501BCE64DF002486D5 /* BridgingHeader.h */,
				D875EEA21B9C051C008B1DF3 /* libc++.dylib */,
				D875EE961B9C0496008B1DF3 /* AudioToolbox.framework */,
				D875EE971B9C0496008B1DF3 /* CoreGraphics.framework */,
				D875EE981B9C0496008B1DF3 /* CoreImage.framework */,
				D875EE991B9C0496008B1DF3 /* CoreMedia.framework */,
				D875EE9A1B9C0496008B1DF3 /* CoreVideo.framework */,
				D875EE9B1B9C0496008B1DF3 /* GLKit.framework */,
				D875EE941B9C046B008B1DF3 /* AVFoundation.framework */,
				D875EE921B9C045E008B1DF3 /* libicucore.dylib */,
				D875EE901B9C0421008B1DF3 /* libsqlite3.0.dylib */,
				D875EE531B9C03AE008B1DF3 /* Lib */,
				D878BEB01B9B6342001AE9CD /* Views */,
				D878BE4F1B9B6110001AE9CD /* Apprtc */,
				D878BE651B9B6110001AE9CD /* ApprtcTests */,
				D878BE4E1B9B6110001AE9CD /* Products */,
			);
			sourceTree = "<group>";
		};
		D878BE4E1B9B6110001AE9CD /* Products */ = {
			isa = PBXGroup;
			children = (
				D878BE4D1B9B6110001AE9CD /* Apprtc.app */,
			);
			name = Products;
			sourceTree = "<group>";
		};
		D878BE4F1B9B6110001AE9CD /* Apprtc */ = {
			isa = PBXGroup;
			children = (
				D878BE521B9B6110001AE9CD /* AppDelegate.swift */,
				D878BE541B9B6110001AE9CD /* RTCRoomViewController.swift */,
				D878BEB31B9B754D001AE9CD /* RTCVideoChatViewController.swift */,
				D878BE561B9B6110001AE9CD /* Main.storyboard */,
				D878BE591B9B6110001AE9CD /* Images.xcassets */,
				D878BE5B1B9B6110001AE9CD /* LaunchScreen.xib */,
				D878BE501B9B6110001AE9CD /* Supporting Files */,
			);
			path = Apprtc;
			sourceTree = "<group>";
		};
		D878BE501B9B6110001AE9CD /* Supporting Files */ = {
			isa = PBXGroup;
			children = (
				D878BE511B9B6110001AE9CD /* Info.plist */,
			);
			name = "Supporting Files";
			sourceTree = "<group>";
		};
		D878BE651B9B6110001AE9CD /* ApprtcTests */ = {
			isa = PBXGroup;
			children = (
				D878BE681B9B6110001AE9CD /* ApprtcTests.swift */,
				D878BE661B9B6110001AE9CD /* Supporting Files */,
			);
			path = ApprtcTests;
			sourceTree = "<group>";
		};
		D878BE661B9B6110001AE9CD /* Supporting Files */ = {
			isa = PBXGroup;
			children = (
				D878BE671B9B6110001AE9CD /* Info.plist */,
			);
			name = "Supporting Files";
			sourceTree = "<group>";
		};
		D878BEB01B9B6342001AE9CD /* Views */ = {
			isa = PBXGroup;
			children = (
				D878BEB11B9B637F001AE9CD /* RTCRoomTextInputViewCell.swift */,
			);
			name = Views;
			sourceTree = "<group>";
		};
		D8B778841DE4BDD200DFC2E8 /* WebRTC */ = {
			isa = PBXGroup;
			children = (
				D8B778851DE4BDD200DFC2E8 /* WebRTC.framework */,
			);
			path = WebRTC;
			sourceTree = "<group>";
		};
/* End PBXGroup section */

/* Begin PBXNativeTarget section */
		D878BE4C1B9B6110001AE9CD /* Apprtc */ = {
			isa = PBXNativeTarget;
			buildConfigurationList = D878BE6C1B9B6110001AE9CD /* Build configuration list for PBXNativeTarget "Apprtc" */;
			buildPhases = (
				D878BE491B9B6110001AE9CD /* Sources */,
				D878BE4A1B9B6110001AE9CD /* Frameworks */,
				D878BE4B1B9B6110001AE9CD /* Resources */,
				D8B778A11DE4C32600DFC2E8 /* Embed Frameworks */,
			);
			buildRules = (
			);
			dependencies = (
			);
			name = Apprtc;
			productName = Apprtc;
			productReference = D878BE4D1B9B6110001AE9CD /* Apprtc.app */;
			productType = "com.apple.product-type.application";
		};
/* End PBXNativeTarget section */

/* Begin PBXProject section */
		D878BE451B9B6110001AE9CD /* Project object */ = {
			isa = PBXProject;
			attributes = {
				LastSwiftMigration = 0700;
				LastSwiftUpdateCheck = 0700;
				LastUpgradeCheck = 0700;
				ORGANIZATIONNAME = Dhilip;
				TargetAttributes = {
					D878BE4C1B9B6110001AE9CD = {
						CreatedOnToolsVersion = 6.3;
						DevelopmentTeam = ZYPD6QMLU3;
						LastSwiftMigration = 0810;
					};
				};
			};
			buildConfigurationList = D878BE481B9B6110001AE9CD /* Build configuration list for PBXProject "Apprtc" */;
			compatibilityVersion = "Xcode 3.2";
			developmentRegion = English;
			hasScannedForEncodings = 0;
			knownRegions = (
				en,
				Base,
			);
			mainGroup = D878BE441B9B6110001AE9CD;
			productRefGroup = D878BE4E1B9B6110001AE9CD /* Products */;
			projectDirPath = "";
			projectRoot = "";
			targets = (
				D878BE4C1B9B6110001AE9CD /* Apprtc */,
			);
		};
/* End PBXProject section */

/* Begin PBXResourcesBuildPhase section */
		D878BE4B1B9B6110001AE9CD /* Resources */ = {
			isa = PBXResourcesBuildPhase;
			buildActionMask = 2147483647;
			files = (
				D878BE581B9B6110001AE9CD /* Main.storyboard in Resources */,
				D878BE5D1B9B6110001AE9CD /* LaunchScreen.xib in Resources */,
				D878BE5A1B9B6110001AE9CD /* Images.xcassets in Resources */,
			);
			runOnlyForDeploymentPostprocessing = 0;
		};
/* End PBXResourcesBuildPhase section */

/* Begin PBXSourcesBuildPhase section */
		D878BE491B9B6110001AE9CD /* Sources */ = {
			isa = PBXSourcesBuildPhase;
			buildActionMask = 2147483647;
			files = (
				D875EE881B9C03AE008B1DF3 /* ARDSignalingMessage.m in Sources */,
				D875EE851B9C03AE008B1DF3 /* ARDAppClient.m in Sources */,
				D8B7789C1DE4C1C100DFC2E8 /* ARDJoinResponse.m in Sources */,
				D8B7789B1DE4C1C100DFC2E8 /* ARDCEODTURNClient.m in Sources */,
				D878BE551B9B6110001AE9CD /* RTCRoomViewController.swift in Sources */,
				975A57EB1BCFCAC1008F6AB9 /* SRWebSocket.m in Sources */,
				D875EE8C1B9C03AE008B1DF3 /* RTCICECandidate+JSON.m in Sources */,
				D875EE8D1B9C03AE008B1DF3 /* RTCICEServer+JSON.m in Sources */,
				D875EE8A1B9C03AE008B1DF3 /* ARDWebSocketChannel.m in Sources */,
				D8B7789A1DE4C1C100DFC2E8 /* ARDBitrateTracker.m in Sources */,
				D878BEB41B9B754D001AE9CD /* RTCVideoChatViewController.swift in Sources */,
				D8B7789D1DE4C1C100DFC2E8 /* ARDSDPUtils.m in Sources */,
				D875EE891B9C03AE008B1DF3 /* ARDUtilities.m in Sources */,
				D878BE531B9B6110001AE9CD /* AppDelegate.swift in Sources */,
				D875EE8F1B9C03AE008B1DF3 /* RTCSessionDescription+JSON.m in Sources */,
				D875EE871B9C03AE008B1DF3 /* ARDRegisterResponse.m in Sources */,
				D8B778991DE4C1C100DFC2E8 /* ARDAppEngineClient.m in Sources */,
				D8B7789E1DE4C1C100DFC2E8 /* ARDStatsBuilder.m in Sources */,
				D875EE861B9C03AE008B1DF3 /* ARDMessageResponse.m in Sources */,
				D875EE8E1B9C03AE008B1DF3 /* RTCMediaConstraints+JSON.m in Sources */,
				D878BEB21B9B637F001AE9CD /* RTCRoomTextInputViewCell.swift in Sources */,
			);
			runOnlyForDeploymentPostprocessing = 0;
		};
/* End PBXSourcesBuildPhase section */

/* Begin PBXVariantGroup section */
		D878BE561B9B6110001AE9CD /* Main.storyboard */ = {
			isa = PBXVariantGroup;
			children = (
				D878BE571B9B6110001AE9CD /* Base */,
			);
			name = Main.storyboard;
			sourceTree = "<group>";
		};
		D878BE5B1B9B6110001AE9CD /* LaunchScreen.xib */ = {
			isa = PBXVariantGroup;
			children = (
				D878BE5C1B9B6110001AE9CD /* Base */,
			);
			name = LaunchScreen.xib;
			sourceTree = "<group>";
		};
/* End PBXVariantGroup section */

/* Begin XCBuildConfiguration section */
		D878BE6A1B9B6110001AE9CD /* Debug */ = {
			isa = XCBuildConfiguration;
			buildSettings = {
				ALWAYS_SEARCH_USER_PATHS = NO;
				CLANG_CXX_LANGUAGE_STANDARD = "gnu++0x";
				CLANG_CXX_LIBRARY = "libc++";
				CLANG_ENABLE_MODULES = YES;
				CLANG_ENABLE_OBJC_ARC = YES;
				CLANG_WARN_BOOL_CONVERSION = YES;
				CLANG_WARN_CONSTANT_CONVERSION = YES;
				CLANG_WARN_DIRECT_OBJC_ISA_USAGE = YES_ERROR;
				CLANG_WARN_EMPTY_BODY = YES;
				CLANG_WARN_ENUM_CONVERSION = YES;
				CLANG_WARN_INT_CONVERSION = YES;
				CLANG_WARN_OBJC_ROOT_CLASS = YES_ERROR;
				CLANG_WARN_UNREACHABLE_CODE = YES;
				CLANG_WARN__DUPLICATE_METHOD_MATCH = YES;
				"CODE_SIGN_IDENTITY[sdk=iphoneos*]" = "iPhone Developer";
				COPY_PHASE_STRIP = NO;
				DEBUG_INFORMATION_FORMAT = "dwarf-with-dsym";
				ENABLE_STRICT_OBJC_MSGSEND = YES;
				ENABLE_TESTABILITY = YES;
				GCC_C_LANGUAGE_STANDARD = gnu99;
				GCC_DYNAMIC_NO_PIC = NO;
				GCC_NO_COMMON_BLOCKS = YES;
				GCC_OPTIMIZATION_LEVEL = 0;
				GCC_PREPROCESSOR_DEFINITIONS = (
					"DEBUG=1",
					"$(inherited)",
				);
				GCC_SYMBOLS_PRIVATE_EXTERN = NO;
				GCC_WARN_64_TO_32_BIT_CONVERSION = YES;
				GCC_WARN_ABOUT_RETURN_TYPE = YES_ERROR;
				GCC_WARN_UNDECLARED_SELECTOR = YES;
				GCC_WARN_UNINITIALIZED_AUTOS = YES_AGGRESSIVE;
				GCC_WARN_UNUSED_FUNCTION = YES;
				GCC_WARN_UNUSED_VARIABLE = YES;
				IPHONEOS_DEPLOYMENT_TARGET = 8.3;
				MTL_ENABLE_DEBUG_INFO = YES;
				ONLY_ACTIVE_ARCH = YES;
				SDKROOT = iphoneos;
				SWIFT_OPTIMIZATION_LEVEL = "-Onone";
				TARGETED_DEVICE_FAMILY = "1,2";
			};
			name = Debug;
		};
		D878BE6B1B9B6110001AE9CD /* Release */ = {
			isa = XCBuildConfiguration;
			buildSettings = {
				ALWAYS_SEARCH_USER_PATHS = NO;
				CLANG_CXX_LANGUAGE_STANDARD = "gnu++0x";
				CLANG_CXX_LIBRARY = "libc++";
				CLANG_ENABLE_MODULES = YES;
				CLANG_ENABLE_OBJC_ARC = YES;
				CLANG_WARN_BOOL_CONVERSION = YES;
				CLANG_WARN_CONSTANT_CONVERSION = YES;
				CLANG_WARN_DIRECT_OBJC_ISA_USAGE = YES_ERROR;
				CLANG_WARN_EMPTY_BODY = YES;
				CLANG_WARN_ENUM_CONVERSION = YES;
				CLANG_WARN_INT_CONVERSION = YES;
				CLANG_WARN_OBJC_ROOT_CLASS = YES_ERROR;
				CLANG_WARN_UNREACHABLE_CODE = YES;
				CLANG_WARN__DUPLICATE_METHOD_MATCH = YES;
				"CODE_SIGN_IDENTITY[sdk=iphoneos*]" = "iPhone Developer";
				COPY_PHASE_STRIP = NO;
				DEBUG_INFORMATION_FORMAT = "dwarf-with-dsym";
				ENABLE_NS_ASSERTIONS = NO;
				ENABLE_STRICT_OBJC_MSGSEND = YES;
				GCC_C_LANGUAGE_STANDARD = gnu99;
				GCC_NO_COMMON_BLOCKS = YES;
				GCC_WARN_64_TO_32_BIT_CONVERSION = YES;
				GCC_WARN_ABOUT_RETURN_TYPE = YES_ERROR;
				GCC_WARN_UNDECLARED_SELECTOR = YES;
				GCC_WARN_UNINITIALIZED_AUTOS = YES_AGGRESSIVE;
				GCC_WARN_UNUSED_FUNCTION = YES;
				GCC_WARN_UNUSED_VARIABLE = YES;
				IPHONEOS_DEPLOYMENT_TARGET = 8.3;
				MTL_ENABLE_DEBUG_INFO = NO;
				SDKROOT = iphoneos;
				TARGETED_DEVICE_FAMILY = "1,2";
				VALIDATE_PRODUCT = YES;
			};
			name = Release;
		};
		D878BE6D1B9B6110001AE9CD /* Debug */ = {
			isa = XCBuildConfiguration;
			buildSettings = {
				ASSETCATALOG_COMPILER_APPICON_NAME = AppIcon;
				CODE_SIGN_IDENTITY = "iPhone Developer";
				"CODE_SIGN_IDENTITY[sdk=iphoneos*]" = "iPhone Developer";
				DEVELOPMENT_TEAM = ZYPD6QMLU3;
				ENABLE_BITCODE = NO;
				FRAMEWORK_SEARCH_PATHS = (
					"$(inherited)",
					"$(PROJECT_DIR)/Lib/include/WebRTC",
				);
				INFOPLIST_FILE = Apprtc/Info.plist;
				IPHONEOS_DEPLOYMENT_TARGET = 8.0;
				LD_RUNPATH_SEARCH_PATHS = "$(inherited) @executable_path/Frameworks";
				LIBRARY_SEARCH_PATHS = (
					"$(inherited)",
					"$(PROJECT_DIR)/Lib",
				);
				PRODUCT_BUNDLE_IDENTIFIER = com.dhilip.apprtc;
				PRODUCT_NAME = "$(TARGET_NAME)";
				PROVISIONING_PROFILE = "";
				SWIFT_OBJC_BRIDGING_HEADER = BridgingHeader.h;
				SWIFT_VERSION = 3.0;
			};
			name = Debug;
		};
		D878BE6E1B9B6110001AE9CD /* Release */ = {
			isa = XCBuildConfiguration;
			buildSettings = {
				ASSETCATALOG_COMPILER_APPICON_NAME = AppIcon;
				CODE_SIGN_IDENTITY = "iPhone Developer";
				"CODE_SIGN_IDENTITY[sdk=iphoneos*]" = "iPhone Developer";
				DEVELOPMENT_TEAM = ZYPD6QMLU3;
				ENABLE_BITCODE = NO;
				FRAMEWORK_SEARCH_PATHS = (
					"$(inherited)",
					"$(PROJECT_DIR)/Lib/include/WebRTC",
				);
				INFOPLIST_FILE = Apprtc/Info.plist;
				IPHONEOS_DEPLOYMENT_TARGET = 8.0;
				LD_RUNPATH_SEARCH_PATHS = "$(inherited) @executable_path/Frameworks";
				LIBRARY_SEARCH_PATHS = (
					"$(inherited)",
					"$(PROJECT_DIR)/Lib",
				);
				PRODUCT_BUNDLE_IDENTIFIER = com.dhilip.apprtc;
				PRODUCT_NAME = "$(TARGET_NAME)";
				PROVISIONING_PROFILE = "";
				SWIFT_OBJC_BRIDGING_HEADER = BridgingHeader.h;
				SWIFT_VERSION = 3.0;
			};
			name = Release;
		};
/* End XCBuildConfiguration section */

/* Begin XCConfigurationList section */
		D878BE481B9B6110001AE9CD /* Build configuration list for PBXProject "Apprtc" */ = {
			isa = XCConfigurationList;
			buildConfigurations = (
				D878BE6A1B9B6110001AE9CD /* Debug */,
				D878BE6B1B9B6110001AE9CD /* Release */,
			);
			defaultConfigurationIsVisible = 0;
			defaultConfigurationName = Release;
		};
		D878BE6C1B9B6110001AE9CD /* Build configuration list for PBXNativeTarget "Apprtc" */ = {
			isa = XCConfigurationList;
			buildConfigurations = (
				D878BE6D1B9B6110001AE9CD /* Debug */,
				D878BE6E1B9B6110001AE9CD /* Release */,
			);
			defaultConfigurationIsVisible = 0;
			defaultConfigurationName = Release;
		};
/* End XCConfigurationList section */
	};
	rootObject = D878BE451B9B6110001AE9CD /* Project object */;
}
